
Microsoft Visual Studio Solution File, Format Version 12.00
# Visual Studio Version 16
VisualStudioVersion = 16.0.30907.101
MinimumVisualStudioVersion = 10.0.40219.1
Project("{FAE04EC0-301F-11D3-BF4B-00C04F79EFBC}") = "Business", "Business\Business.csproj", "{E1D9EFF3-9262-4E12-9056-ECE9C4D0C5E6}"
EndProject
Project("{FAE04EC0-301F-11D3-BF4B-00C04F79EFBC}") = "DataAccess", "DataAccess\DataAccess.csproj", "{E28347F1-8393-4F9D-BE19-58AD94E6C7AB}"
EndProject
Project("{FAE04EC0-301F-11D3-BF4B-00C04F79EFBC}") = "Entities", "Entities\Entities.csproj", "{E9075B8C-C189-4A77-8A46-E4567CB53A1F}"
EndProject
Project("{FAE04EC0-301F-11D3-BF4B-00C04F79EFBC}") = "ConsoleUI", "ConsoleUI\ConsoleUI.csproj", "{DA41A7BE-F3E5-470A-897F-A8E445E9A8D0}"
EndProject
Global
	GlobalSection(SolutionConfigurationPlatforms) = preSolution
		Debug|Any CPU = Debug|Any CPU
		Release|Any CPU = Release|Any CPU
	EndGlobalSection
	GlobalSection(ProjectConfigurationPlatforms) = postSolution
		{E1D9EFF3-9262-4E12-9056-ECE9C4D0C5E6}.Debug|Any CPU.ActiveCfg = Debug|Any CPU
		{E1D9EFF3-9262-4E12-9056-ECE9C4D0C5E6}.Debug|Any CPU.Build.0 = Debug|Any CPU
		{E1D9EFF3-9262-4E12-9056-ECE9C4D0C5E6}.Release|Any CPU.ActiveCfg = Release|Any CPU
		{E1D9EFF3-9262-4E12-9056-ECE9C4D0C5E6}.Release|Any CPU.Build.0 = Release|Any CPU
		{E28347F1-8393-4F9D-BE19-58AD94E6C7AB}.Debug|Any CPU.ActiveCfg = Debug|Any CPU
		{E28347F1-8393-4F9D-BE19-58AD94E6C7AB}.Debug|Any CPU.Build.0 = Debug|Any CPU
		{E28347F1-8393-4F9D-BE19-58AD94E6C7AB}.Release|Any CPU.ActiveCfg = Release|Any CPU
		{E28347F1-8393-4F9D-BE19-58AD94E6C7AB}.Release|Any CPU.Build.0 = Release|Any CPU
		{E9075B8C-C189-4A77-8A46-E4567CB53A1F}.Debug|Any CPU.ActiveCfg = Debug|Any CPU
		{E9075B8C-C189-4A77-8A46-E4567CB53A1F}.Debug|Any CPU.Build.0 = Debug|Any CPU
		{E9075B8C-C189-4A77-8A46-E4567CB53A1F}.Release|Any CPU.ActiveCfg = Release|Any CPU
		{E9075B8C-C189-4A77-8A46-E4567CB53A1F}.Release|Any CPU.Build.0 = Release|Any CPU
		{DA41A7BE-F3E5-470A-897F-A8E445E9A8D0}.Debug|Any CPU.ActiveCfg = Debug|Any CPU
		{DA41A7BE-F3E5-470A-897F-A8E445E9A8D0}.Debug|Any CPU.Build.0 = Debug|Any CPU
		{DA41A7BE-F3E5-470A-897F-A8E445E9A8D0}.Release|Any CPU.ActiveCfg = Release|Any CPU
		{DA41A7BE-F3E5-470A-897F-A8E445E9A8D0}.Release|Any CPU.Build.0 = Release|Any CPU
	EndGlobalSection
	GlobalSection(SolutionProperties) = preSolution
		HideSolutionNode = FALSE
	EndGlobalSection
	GlobalSection(ExtensibilityGlobals) = postSolution
		SolutionGuid = {796F66DD-AB50-4E73-981A-900656BAFDF0}
	EndGlobalSection
EndGlobal
